
Microsoft Visual Studio Solution File, Format Version 12.00
# Visual Studio Version 17
VisualStudioVersion = 17.2.32602.215
MinimumVisualStudioVersion = 10.0.40219.1
Project("{FAE04EC0-301F-11D3-BF4B-00C04F79EFBC}") = "ShopOnline", "ShopOnline\ShopOnline.csproj", "{7B43D5E7-BA07-427D-B168-DBD5EE0FFF18}"
EndProject
Global
	GlobalSection(SolutionConfigurationPlatforms) = preSolution
		Debug|Any CPU = Debug|Any CPU
		Release|Any CPU = Release|Any CPU
	EndGlobalSection
	GlobalSection(ProjectConfigurationPlatforms) = postSolution
		{7B43D5E7-BA07-427D-B168-DBD5EE0FFF18}.Debug|Any CPU.ActiveCfg = Debug|Any CPU
		{7B43D5E7-BA07-427D-B168-DBD5EE0FFF18}.Debug|Any CPU.Build.0 = Debug|Any CPU
		{7B43D5E7-BA07-427D-B168-DBD5EE0FFF18}.Release|Any CPU.ActiveCfg = Release|Any CPU
		{7B43D5E7-BA07-427D-B168-DBD5EE0FFF18}.Release|Any CPU.Build.0 = Release|Any CPU
	EndGlobalSection
	GlobalSection(SolutionProperties) = preSolution
		HideSolutionNode = FALSE
	EndGlobalSection
	GlobalSection(ExtensibilityGlobals) = postSolution
		SolutionGuid = {1D1898B4-B616-43A3-8226-3CC9CFB42B08}
	EndGlobalSection
EndGlobal
